
Microsoft Visual Studio Solution File, Format Version 12.00
# Visual Studio Version 16
VisualStudioVersion = 16.0.30413.136
MinimumVisualStudioVersion = 10.0.40219.1
Project("{FAE04EC0-301F-11D3-BF4B-00C04F79EFBC}") = "Verisk", "Verisk\Verisk.csproj", "{21FA4D54-E84A-44A7-882C-4F010C4EEDAD}"
EndProject
Global
	GlobalSection(SolutionConfigurationPlatforms) = preSolution
		Debug|Any CPU = Debug|Any CPU
		Release|Any CPU = Release|Any CPU
	EndGlobalSection
	GlobalSection(ProjectConfigurationPlatforms) = postSolution
		{21FA4D54-E84A-44A7-882C-4F010C4EEDAD}.Debug|Any CPU.ActiveCfg = Debug|Any CPU
		{21FA4D54-E84A-44A7-882C-4F010C4EEDAD}.Debug|Any CPU.Build.0 = Debug|Any CPU
		{21FA4D54-E84A-44A7-882C-4F010C4EEDAD}.Release|Any CPU.ActiveCfg = Release|Any CPU
		{21FA4D54-E84A-44A7-882C-4F010C4EEDAD}.Release|Any CPU.Build.0 = Release|Any CPU
	EndGlobalSection
	GlobalSection(SolutionProperties) = preSolution
		HideSolutionNode = FALSE
	EndGlobalSection
	GlobalSection(ExtensibilityGlobals) = postSolution
		SolutionGuid = {EC6227B6-0A09-4499-A396-F001246713AF}
	EndGlobalSection
EndGlobal
